lockfileVersion: '9.0'

settings:
  autoInstallPeers: false
  excludeLinksFromLockfile: false

importers:

  .:
    dependencies:
      '@libsql/client':
        specifier: ^0.14.0
        version: 0.14.0
    devDependencies:
      '@types/node':
        specifier: ^22.5.5
        version: 22.5.5
      '@weedzcokie/concurrent-cmd':
        specifier: ^0.2.1
        version: 0.2.1
      typescript:
        specifier: ^5.6.2
        version: 5.6.2

packages:

  '@libsql/client@0.14.0':
    resolution: {integrity: sha512-/9HEKfn6fwXB5aTEEoMeFh4CtG0ZzbncBb1e++OCdVpgKZ/xyMsIVYXm0w7Pv4RUel803vE6LwniB3PqD72R0Q==}

  '@libsql/core@0.14.0':
    resolution: {integrity: sha512-nhbuXf7GP3PSZgdCY2Ecj8vz187ptHlZQ0VRc751oB2C1W8jQUXKKklvt7t1LJiUTQBVJuadF628eUk+3cRi4Q==}

  '@libsql/darwin-arm64@0.4.5':
    resolution: {integrity: sha512-xLdnn0NrgSk6OMi716FFs/27Hs33jtSd2fkKi/72Ey/qBtPWcB1BMurDQekzi0yAcfQTjGqIz7tpOibyjiEPyQ==}
    cpu: [arm64]
    os: [darwin]

  '@libsql/darwin-x64@0.4.5':
    resolution: {integrity: sha512-rZsEWj0H7oCqd5Y2pe0RzKmuQXC2OB1RbnFy4CvjeAjT6MP6mFp+Vx9mTCAUuJMhuoSVMsFPUJRpAQznl9E3Tg==}
    cpu: [x64]
    os: [darwin]

  '@libsql/hrana-client@0.7.0':
    resolution: {integrity: sha512-OF8fFQSkbL7vJY9rfuegK1R7sPgQ6kFMkDamiEccNUvieQ+3urzfDFI616oPl8V7T9zRmnTkSjMOImYCAVRVuw==}

  '@libsql/isomorphic-fetch@0.3.1':
    resolution: {integrity: sha512-6kK3SUK5Uu56zPq/Las620n5aS9xJq+jMBcNSOmjhNf/MUvdyji4vrMTqD7ptY7/4/CAVEAYDeotUz60LNQHtw==}
    engines: {node: '>=18.0.0'}

  '@libsql/isomorphic-ws@0.1.5':
    resolution: {integrity: sha512-DtLWIH29onUYR00i0GlQ3UdcTRC6EP4u9w/h9LxpUZJWRMARk6dQwZ6Jkd+QdwVpuAOrdxt18v0K2uIYR3fwFg==}

  '@libsql/linux-arm64-gnu@0.4.5':
    resolution: {integrity: sha512-VR09iu6KWGJ6fauCn59u/jJ9OA+/A2yQ0dr2HDN2zkRueLC6D2oGYt4gPfLZPFKf+WJpVMtIhNfd+Ru9MMaFkA==}
    cpu: [arm64]
    os: [linux]

  '@libsql/linux-arm64-musl@0.4.5':
    resolution: {integrity: sha512-74hvD5ej4rBshhxFGNYU16a3m8B/NjIPvhlZ/flG1Oeydfo6AuUXSSNFi+H5+zi9/uWuzyz5TLVeQcraoUV10A==}
    cpu: [arm64]
    os: [linux]

  '@libsql/linux-x64-gnu@0.4.5':
    resolution: {integrity: sha512-gb5WObGO3+rbuG8h9font1N02iF+zgYAgY0wNa8BNiZ5A9UolZKFxiqGFS7eHaAYfemHJKKTT+aAt3X2p5TibA==}
    cpu: [x64]
    os: [linux]

  '@libsql/linux-x64-musl@0.4.5':
    resolution: {integrity: sha512-JfyE6OVC5X4Nr4cFF77VhB1o+hBRxAqYT9YdeqnWdAQSYc/ASi5HnRALLAQEsGacFPZZ32pixfraQmPE3iJFfw==}
    cpu: [x64]
    os: [linux]

  '@libsql/win32-x64-msvc@0.4.5':
    resolution: {integrity: sha512-57GGurNJhOhq3XIopLdGnCoQ4kQAcmbmzzFoC4tpvDE/KSbwZ/13zqJWhQA41nMGk/PKM1XKfKmbIybKx1+eqA==}
    cpu: [x64]
    os: [win32]

  '@neon-rs/load@0.0.4':
    resolution: {integrity: sha512-kTPhdZyTQxB+2wpiRcFWrDcejc4JI6tkPuS7UZCG4l6Zvc5kU/gGQ/ozvHTh1XR5tS+UlfAfGuPajjzQjCiHCw==}

  '@types/node@22.5.5':
    resolution: {integrity: sha512-Xjs4y5UPO/CLdzpgR6GirZJx36yScjh73+2NlLlkFRSoQN8B0DpfXPdZGnvVmLRLOsqDpOfTNv7D9trgGhmOIA==}

  '@types/ws@8.5.12':
    resolution: {integrity: sha512-3tPRkv1EtkDpzlgyKyI8pGsGZAGPEaXeu0DOj5DI25Ja91bdAYddYHbADRYVrZMRbfW+1l5YwXVDKohDJNQxkQ==}

  '@weedzcokie/concurrent-cmd@0.2.1':
    resolution: {integrity: sha512-Ifq+Wx817LuMa62EP8xA4j3ltZ/nWi9XlRSSBIIqUf8+ty7u29xIj5ubHJvZZx5w/ibagRwNOjwtkMG4XRdbXQ==}
    hasBin: true

  data-uri-to-buffer@4.0.1:
    resolution: {integrity: sha512-0R9ikRb668HB7QDxT1vkpuUBtqc53YyAwMwGeUFKRojY/NWKvdZ+9UYtRfGmhqNbRkTSVpMbmyhXipFFv2cb/A==}
    engines: {node: '>= 12'}

  detect-libc@2.0.2:
    resolution: {integrity: sha512-UX6sGumvvqSaXgdKGUsgZWqcUyIXZ/vZTrlRT/iobiKhGL0zL4d3osHj3uqllWJK+i+sixDS/3COVEOFbupFyw==}
    engines: {node: '>=8'}

  fetch-blob@3.2.0:
    resolution: {integrity: sha512-7yAQpD2UMJzLi1Dqv7qFYnPbaPx7ZfFK6PiIxQ4PfkGPyNyl2Ugx+a/umUonmKqjhM4DnfbMvdX6otXq83soQQ==}
    engines: {node: ^12.20 || >= 14.13}

  formdata-polyfill@4.0.10:
    resolution: {integrity: sha512-buewHzMvYL29jdeQTVILecSaZKnt/RJWjoZCF5OW60Z67/GmSLBkOFM7qh1PI3zFNtJbaZL5eQu1vLfazOwj4g==}
    engines: {node: '>=12.20.0'}

  js-base64@3.7.7:
    resolution: {integrity: sha512-7rCnleh0z2CkXhH67J8K1Ytz0b2Y+yxTPL+/KOJoa20hfnVQ/3/T6W/KflYI4bRHRagNeXeU2bkNGI3v1oS/lw==}

  libsql@0.4.5:
    resolution: {integrity: sha512-sorTJV6PNt94Wap27Sai5gtVLIea4Otb2LUiAUyr3p6BPOScGMKGt5F1b5X/XgkNtcsDKeX5qfeBDj+PdShclQ==}
    cpu: [x64, arm64, wasm32]
    os: [darwin, linux, win32]

  node-domexception@1.0.0:
    resolution: {integrity: sha512-/jKZoMpw0F8GRwl4/eLROPA3cfcXtLApP0QzLmUT/HuPCZWyB7IY9ZrMeKw2O/nFIqPQB3PVM9aYm0F312AXDQ==}
    engines: {node: '>=10.5.0'}

  node-fetch@3.3.2:
    resolution: {integrity: sha512-dRB78srN/l6gqWulah9SrxeYnxeddIG30+GOqK/9OlLVyLg3HPnr6SqOWTWOXKRwC2eGYCkZ59NNuSgvSrpgOA==}
    engines: {node: ^12.20.0 || ^14.13.1 || >=16.0.0}

  promise-limit@2.7.0:
    resolution: {integrity: sha512-7nJ6v5lnJsXwGprnGXga4wx6d1POjvi5Qmf1ivTRxTjH4Z/9Czja/UCMLVmB9N93GeWOU93XaFaEt6jbuoagNw==}

  typescript@5.6.2:
    resolution: {integrity: sha512-NW8ByodCSNCwZeghjN3o+JX5OFH0Ojg6sadjEKY4huZ52TqbJTJnDo5+Tw98lSy63NZvi4n+ez5m2u5d4PkZyw==}
    engines: {node: '>=14.17'}
    hasBin: true

  undici-types@6.19.8:
    resolution: {integrity: sha512-ve2KP6f/JnbPBFyobGHuerC9g1FYGn/F8n1LWTwNxCEzd6IfqTwUQcNXgEtmmQ6DlRrC1hrSrBnCZPokRrDHjw==}

  web-streams-polyfill@3.3.3:
    resolution: {integrity: sha512-d2JWLCivmZYTSIoge9MsgFCZrt571BikcWGYkjC1khllbTeDlGqZ2D8vD8E/lJa8WGWbb7Plm8/XJYV7IJHZZw==}
    engines: {node: '>= 8'}

  ws@8.18.0:
    resolution: {integrity: sha512-8VbfWfHLbbwu3+N6OKsOMpBdT4kXPDDB9cJk2bJ6mh9ucxdlnNvH1e+roYkKmN9Nxw2yjz7VzeO9oOz2zJ04Pw==}
    engines: {node: '>=10.0.0'}
    peerDependencies:
      bufferutil: ^4.0.1
      utf-8-validate: '>=5.0.2'
    peerDependenciesMeta:
      bufferutil:
        optional: true
      utf-8-validate:
        optional: true

snapshots:

  '@libsql/client@0.14.0':
    dependencies:
      '@libsql/core': 0.14.0
      '@libsql/hrana-client': 0.7.0
      js-base64: 3.7.7
      libsql: 0.4.5
      promise-limit: 2.7.0
    transitivePeerDependencies:
      - bufferutil
      - utf-8-validate

  '@libsql/core@0.14.0':
    dependencies:
      js-base64: 3.7.7

  '@libsql/darwin-arm64@0.4.5':
    optional: true

  '@libsql/darwin-x64@0.4.5':
    optional: true

  '@libsql/hrana-client@0.7.0':
    dependencies:
      '@libsql/isomorphic-fetch': 0.3.1
      '@libsql/isomorphic-ws': 0.1.5
      js-base64: 3.7.7
      node-fetch: 3.3.2
    transitivePeerDependencies:
      - bufferutil
      - utf-8-validate

  '@libsql/isomorphic-fetch@0.3.1': {}

  '@libsql/isomorphic-ws@0.1.5':
    dependencies:
      '@types/ws': 8.5.12
      ws: 8.18.0
    transitivePeerDependencies:
      - bufferutil
      - utf-8-validate

  '@libsql/linux-arm64-gnu@0.4.5':
    optional: true

  '@libsql/linux-arm64-musl@0.4.5':
    optional: true

  '@libsql/linux-x64-gnu@0.4.5':
    optional: true

  '@libsql/linux-x64-musl@0.4.5':
    optional: true

  '@libsql/win32-x64-msvc@0.4.5':
    optional: true

  '@neon-rs/load@0.0.4': {}

  '@types/node@22.5.5':
    dependencies:
      undici-types: 6.19.8

  '@types/ws@8.5.12':
    dependencies:
      '@types/node': 22.5.5

  '@weedzcokie/concurrent-cmd@0.2.1': {}

  data-uri-to-buffer@4.0.1: {}

  detect-libc@2.0.2: {}

  fetch-blob@3.2.0:
    dependencies:
      node-domexception: 1.0.0
      web-streams-polyfill: 3.3.3

  formdata-polyfill@4.0.10:
    dependencies:
      fetch-blob: 3.2.0

  js-base64@3.7.7: {}

  libsql@0.4.5:
    dependencies:
      '@neon-rs/load': 0.0.4
      detect-libc: 2.0.2
    optionalDependencies:
      '@libsql/darwin-arm64': 0.4.5
      '@libsql/darwin-x64': 0.4.5
      '@libsql/linux-arm64-gnu': 0.4.5
      '@libsql/linux-arm64-musl': 0.4.5
      '@libsql/linux-x64-gnu': 0.4.5
      '@libsql/linux-x64-musl': 0.4.5
      '@libsql/win32-x64-msvc': 0.4.5

  node-domexception@1.0.0: {}

  node-fetch@3.3.2:
    dependencies:
      data-uri-to-buffer: 4.0.1
      fetch-blob: 3.2.0
      formdata-polyfill: 4.0.10

  promise-limit@2.7.0: {}

  typescript@5.6.2: {}

  undici-types@6.19.8: {}

  web-streams-polyfill@3.3.3: {}

  ws@8.18.0: {}
